
Microsoft Visual Studio Solution File, Format Version 12.00
# Visual Studio Version 17
VisualStudioVersion = 17.9.34728.123
MinimumVisualStudioVersion = 10.0.40219.1
Project("{FAE04EC0-301F-11D3-BF4B-00C04F79EFBC}") = "G07_DBI_Biblotheksverwaltung", "G07_DBI_Biblotheksverwaltung\G07_DBI_Biblotheksverwaltung.csproj", "{17557487-3DC8-4EAC-A8D0-AD29428A17BD}"
EndProject
Global
	GlobalSection(SolutionConfigurationPlatforms) = preSolution
		Debug|Any CPU = Debug|Any CPU
		Release|Any CPU = Release|Any CPU
	EndGlobalSection
	GlobalSection(ProjectConfigurationPlatforms) = postSolution
		{17557487-3DC8-4EAC-A8D0-AD29428A17BD}.Debug|Any CPU.ActiveCfg = Debug|Any CPU
		{17557487-3DC8-4EAC-A8D0-AD29428A17BD}.Debug|Any CPU.Build.0 = Debug|Any CPU
		{17557487-3DC8-4EAC-A8D0-AD29428A17BD}.Release|Any CPU.ActiveCfg = Release|Any CPU
		{17557487-3DC8-4EAC-A8D0-AD29428A17BD}.Release|Any CPU.Build.0 = Release|Any CPU
	EndGlobalSection
	GlobalSection(SolutionProperties) = preSolution
		HideSolutionNode = FALSE
	EndGlobalSection
	GlobalSection(ExtensibilityGlobals) = postSolution
		SolutionGuid = {068D554E-44E9-4325-AACD-7FE78ED88DB8}
	EndGlobalSection
EndGlobal
